
Microsoft Visual Studio Solution File, Format Version 12.00
# Visual Studio Version 16
VisualStudioVersion = 16.0.31702.278
MinimumVisualStudioVersion = 10.0.40219.1
Project("{FAE04EC0-301F-11D3-BF4B-00C04F79EFBC}") = "ACXVoip", "ACXVoip\ACXVoip.csproj", "{40DC4D96-BE96-447E-8164-085485168CDA}"
EndProject
Global
	GlobalSection(SolutionConfigurationPlatforms) = preSolution
		Debug|Any CPU = Debug|Any CPU
		Release|Any CPU = Release|Any CPU
	EndGlobalSection
	GlobalSection(ProjectConfigurationPlatforms) = postSolution
		{40DC4D96-BE96-447E-8164-085485168CDA}.Debug|Any CPU.ActiveCfg = Debug|Any CPU
		{40DC4D96-BE96-447E-8164-085485168CDA}.Debug|Any CPU.Build.0 = Debug|Any CPU
		{40DC4D96-BE96-447E-8164-085485168CDA}.Release|Any CPU.ActiveCfg = Release|Any CPU
		{40DC4D96-BE96-447E-8164-085485168CDA}.Release|Any CPU.Build.0 = Release|Any CPU
	EndGlobalSection
	GlobalSection(SolutionProperties) = preSolution
		HideSolutionNode = FALSE
	EndGlobalSection
	GlobalSection(ExtensibilityGlobals) = postSolution
		SolutionGuid = {697F4C71-4FA6-40CC-B56E-375B4B80DFFF}
	EndGlobalSection
EndGlobal
